
Microsoft Visual Studio Solution File, Format Version 12.00
# Visual Studio Version 16
VisualStudioVersion = 16.0.32228.343
MinimumVisualStudioVersion = 10.0.40219.1
Project("{FAE04EC0-301F-11D3-BF4B-00C04F79EFBC}") = "pierwsza giereczka", "pierwsza giereczka\pierwsza giereczka.csproj", "{71039CEC-AF30-4398-A23D-F984B1D818CB}"
EndProject
Global
	GlobalSection(SolutionConfigurationPlatforms) = preSolution
		Debug|Any CPU = Debug|Any CPU
		Release|Any CPU = Release|Any CPU
	EndGlobalSection
	GlobalSection(ProjectConfigurationPlatforms) = postSolution
		{71039CEC-AF30-4398-A23D-F984B1D818CB}.Debug|Any CPU.ActiveCfg = Debug|Any CPU
		{71039CEC-AF30-4398-A23D-F984B1D818CB}.Debug|Any CPU.Build.0 = Debug|Any CPU
		{71039CEC-AF30-4398-A23D-F984B1D818CB}.Release|Any CPU.ActiveCfg = Release|Any CPU
		{71039CEC-AF30-4398-A23D-F984B1D818CB}.Release|Any CPU.Build.0 = Release|Any CPU
	EndGlobalSection
	GlobalSection(SolutionProperties) = preSolution
		HideSolutionNode = FALSE
	EndGlobalSection
	GlobalSection(ExtensibilityGlobals) = postSolution
		SolutionGuid = {CB81F0D8-0713-4906-8550-1BAB5E6EC7B1}
	EndGlobalSection
EndGlobal
